
Microsoft Visual Studio Solution File, Format Version 12.00
Project("{FAE04EC0-301F-11D3-BF4B-00C04F79EFBC}") = "Calculator.Ui", "Calculator.Ui\Calculator.Ui.csproj", "{E50663FF-DB9B-465B-B4C9-EF0A7EA6F666}"
EndProject
Project("{FAE04EC0-301F-11D3-BF4B-00C04F79EFBC}") = "Calculator.Core", "Calculator.Core\Calculator.Core.csproj", "{6DA703BB-8F6C-4497-810D-04273276960F}"
EndProject
Project("{FAE04EC0-301F-11D3-BF4B-00C04F79EFBC}") = "Calculator.Core.Tests", "Calculator.Core.Tests\Calculator.Core.Tests.csproj", "{A20E4629-7247-40A4-B6BE-8F325351D92C}"
EndProject
Project("{FAE04EC0-301F-11D3-BF4B-00C04F79EFBC}") = "TestUtilities", "TestUtilities\TestUtilities.csproj", "{4E70C86A-38F8-4D29-9AD5-060F49385DF6}"
EndProject
Global
	GlobalSection(SolutionConfigurationPlatforms) = preSolution
		Debug|Any CPU = Debug|Any CPU
		Release|Any CPU = Release|Any CPU
	EndGlobalSection
	GlobalSection(ProjectConfigurationPlatforms) = postSolution
		{E50663FF-DB9B-465B-B4C9-EF0A7EA6F666}.Debug|Any CPU.ActiveCfg = Debug|Any CPU
		{E50663FF-DB9B-465B-B4C9-EF0A7EA6F666}.Debug|Any CPU.Build.0 = Debug|Any CPU
		{E50663FF-DB9B-465B-B4C9-EF0A7EA6F666}.Release|Any CPU.ActiveCfg = Release|Any CPU
		{E50663FF-DB9B-465B-B4C9-EF0A7EA6F666}.Release|Any CPU.Build.0 = Release|Any CPU
		{6DA703BB-8F6C-4497-810D-04273276960F}.Debug|Any CPU.ActiveCfg = Debug|Any CPU
		{6DA703BB-8F6C-4497-810D-04273276960F}.Debug|Any CPU.Build.0 = Debug|Any CPU
		{6DA703BB-8F6C-4497-810D-04273276960F}.Release|Any CPU.ActiveCfg = Release|Any CPU
		{6DA703BB-8F6C-4497-810D-04273276960F}.Release|Any CPU.Build.0 = Release|Any CPU
		{A20E4629-7247-40A4-B6BE-8F325351D92C}.Debug|Any CPU.ActiveCfg = Debug|Any CPU
		{A20E4629-7247-40A4-B6BE-8F325351D92C}.Debug|Any CPU.Build.0 = Debug|Any CPU
		{A20E4629-7247-40A4-B6BE-8F325351D92C}.Release|Any CPU.ActiveCfg = Release|Any CPU
		{A20E4629-7247-40A4-B6BE-8F325351D92C}.Release|Any CPU.Build.0 = Release|Any CPU
		{4E70C86A-38F8-4D29-9AD5-060F49385DF6}.Debug|Any CPU.ActiveCfg = Debug|Any CPU
		{4E70C86A-38F8-4D29-9AD5-060F49385DF6}.Debug|Any CPU.Build.0 = Debug|Any CPU
		{4E70C86A-38F8-4D29-9AD5-060F49385DF6}.Release|Any CPU.ActiveCfg = Release|Any CPU
		{4E70C86A-38F8-4D29-9AD5-060F49385DF6}.Release|Any CPU.Build.0 = Release|Any CPU
	EndGlobalSection
EndGlobal
